# This file is generated by running "yarn install" inside your project.
# Manual changes might be lost - proceed with caution!

__metadata:
  version: 10
  cacheKey: 10c0

"@dimforge/rapier3d-compat@npm:~0.12.0":
  version: 0.12.0
  resolution: "@dimforge/rapier3d-compat@npm:0.12.0"
  checksum: 10c0/c66c24f90649c0fc870679c12e7fec1a111080d44450169b57561f957d7b6b284ad8a3ceeba95533e213176ea171351acebd3dd43885fafb33f18bfbd9d507db
  languageName: node
  linkType: hard

"@esbuild/aix-ppc64@npm:0.21.5":
  version: 0.21.5
  resolution: "@esbuild/aix-ppc64@npm:0.21.5"
  conditions: os=aix & cpu=ppc64
  languageName: node
  linkType: hard

"@esbuild/android-arm64@npm:0.21.5":
  version: 0.21.5
  resolution: "@esbuild/android-arm64@npm:0.21.5"
  conditions: os=android & cpu=arm64
  languageName: node
  linkType: hard

"@esbuild/android-arm@npm:0.21.5":
  version: 0.21.5
  resolution: "@esbuild/android-arm@npm:0.21.5"
  conditions: os=android & cpu=arm
  languageName: node
  linkType: hard

"@esbuild/android-x64@npm:0.21.5":
  version: 0.21.5
  resolution: "@esbuild/android-x64@npm:0.21.5"
  conditions: os=android & cpu=x64
  languageName: node
  linkType: hard

"@esbuild/darwin-arm64@npm:0.21.5":
  version: 0.21.5
  resolution: "@esbuild/darwin-arm64@npm:0.21.5"
  conditions: os=darwin & cpu=arm64
  languageName: node
  linkType: hard

"@esbuild/darwin-x64@npm:0.21.5":
  version: 0.21.5
  resolution: "@esbuild/darwin-x64@npm:0.21.5"
  conditions: os=darwin & cpu=x64
  languageName: node
  linkType: hard

"@esbuild/freebsd-arm64@npm:0.21.5":
  version: 0.21.5
  resolution: "@esbuild/freebsd-arm64@npm:0.21.5"
  conditions: os=freebsd & cpu=arm64
  languageName: node
  linkType: hard

"@esbuild/freebsd-x64@npm:0.21.5":
  version: 0.21.5
  resolution: "@esbuild/freebsd-x64@npm:0.21.5"
  conditions: os=freebsd & cpu=x64
  languageName: node
  linkType: hard

"@esbuild/linux-arm64@npm:0.21.5":
  version: 0.21.5
  resolution: "@esbuild/linux-arm64@npm:0.21.5"
  conditions: os=linux & cpu=arm64
  languageName: node
  linkType: hard

"@esbuild/linux-arm@npm:0.21.5":
  version: 0.21.5
  resolution: "@esbuild/linux-arm@npm:0.21.5"
  conditions: os=linux & cpu=arm
  languageName: node
  linkType: hard

"@esbuild/linux-ia32@npm:0.21.5":
  version: 0.21.5
  resolution: "@esbuild/linux-ia32@npm:0.21.5"
  conditions: os=linux & cpu=ia32
  languageName: node
  linkType: hard

"@esbuild/linux-loong64@npm:0.21.5":
  version: 0.21.5
  resolution: "@esbuild/linux-loong64@npm:0.21.5"
  conditions: os=linux & cpu=loong64
  languageName: node
  linkType: hard

"@esbuild/linux-mips64el@npm:0.21.5":
  version: 0.21.5
  resolution: "@esbuild/linux-mips64el@npm:0.21.5"
  conditions: os=linux & cpu=mips64el
  languageName: node
  linkType: hard

"@esbuild/linux-ppc64@npm:0.21.5":
  version: 0.21.5
  resolution: "@esbuild/linux-ppc64@npm:0.21.5"
  conditions: os=linux & cpu=ppc64
  languageName: node
  linkType: hard

"@esbuild/linux-riscv64@npm:0.21.5":
  version: 0.21.5
  resolution: "@esbuild/linux-riscv64@npm:0.21.5"
  conditions: os=linux & cpu=riscv64
  languageName: node
  linkType: hard

"@esbuild/linux-s390x@npm:0.21.5":
  version: 0.21.5
  resolution: "@esbuild/linux-s390x@npm:0.21.5"
  conditions: os=linux & cpu=s390x
  languageName: node
  linkType: hard

"@esbuild/linux-x64@npm:0.21.5":
  version: 0.21.5
  resolution: "@esbuild/linux-x64@npm:0.21.5"
  conditions: os=linux & cpu=x64
  languageName: node
  linkType: hard

"@esbuild/netbsd-x64@npm:0.21.5":
  version: 0.21.5
  resolution: "@esbuild/netbsd-x64@npm:0.21.5"
  conditions: os=netbsd & cpu=x64
  languageName: node
  linkType: hard

"@esbuild/openbsd-x64@npm:0.21.5":
  version: 0.21.5
  resolution: "@esbuild/openbsd-x64@npm:0.21.5"
  conditions: os=openbsd & cpu=x64
  languageName: node
  linkType: hard

"@esbuild/sunos-x64@npm:0.21.5":
  version: 0.21.5
  resolution: "@esbuild/sunos-x64@npm:0.21.5"
  conditions: os=sunos & cpu=x64
  languageName: node
  linkType: hard

"@esbuild/win32-arm64@npm:0.21.5":
  version: 0.21.5
  resolution: "@esbuild/win32-arm64@npm:0.21.5"
  conditions: os=win32 & cpu=arm64
  languageName: node
  linkType: hard

"@esbuild/win32-ia32@npm:0.21.5":
  version: 0.21.5
  resolution: "@esbuild/win32-ia32@npm:0.21.5"
  conditions: os=win32 & cpu=ia32
  languageName: node
  linkType: hard

"@esbuild/win32-x64@npm:0.21.5":
  version: 0.21.5
  resolution: "@esbuild/win32-x64@npm:0.21.5"
  conditions: os=win32 & cpu=x64
  languageName: node
  linkType: hard

"@isaacs/fs-minipass@npm:^4.0.0":
  version: 4.0.1
  resolution: "@isaacs/fs-minipass@npm:4.0.1"
  dependencies:
    minipass: "npm:^7.0.4"
  checksum: 10c0/c25b6dc1598790d5b55c0947a9b7d111cfa92594db5296c3b907e2f533c033666f692a3939eadac17b1c7c40d362d0b0635dc874cbfe3e70db7c2b07cc97a5d2
  languageName: node
  linkType: hard

"@kabelsalat/core@npm:0.4.0":
  version: 0.4.0
  resolution: "@kabelsalat/core@npm:0.4.0"
  checksum: 10c0/76c26f00ff4d61a7be938c6b96153f1afc21497ee091bcf79764b6e8846c1fc00f3f785020aa91277db18656f20ea84fe036dff2991369e708f449159d786ef2
  languageName: node
  linkType: hard

"@kabelsalat/lib@npm:0.4.1, @kabelsalat/lib@npm:^0.4.1":
  version: 0.4.1
  resolution: "@kabelsalat/lib@npm:0.4.1"
  dependencies:
    "@kabelsalat/core": "npm:0.4.0"
  checksum: 10c0/12ae89419cb88a32854e2e29a286104d41d6e8b5959abc1c153ede1270023563ac58fe28e057ef23cdf7ff55d106aa42fe3475844849bd31ca06521acc658a9b
  languageName: node
  linkType: hard

"@kabelsalat/web@npm:^0.4.1":
  version: 0.4.1
  resolution: "@kabelsalat/web@npm:0.4.1"
  dependencies:
    "@kabelsalat/core": "npm:0.4.0"
    "@kabelsalat/lib": "npm:0.4.1"
  checksum: 10c0/ab82149b2d6401422a1048059df6673a10b5e6a8a97793a20229c08590b66c0f514589177c2891c1a7a79ac99e26618786ee942875fb852efdf3d9b4a3887e75
  languageName: node
  linkType: hard

"@rollup/rollup-android-arm-eabi@npm:4.62.3":
  version: 4.62.3
  resolution: "@rollup/rollup-android-arm-eabi@npm:4.62.3"
  conditions: os=android & cpu=arm
  languageName: node
  linkType: hard

"@rollup/rollup-android-arm64@npm:4.62.3":
  version: 4.62.3
  resolution: "@rollup/rollup-android-arm64@npm:4.62.3"
  conditions: os=android & cpu=arm64
  languageName: node
  linkType: hard

"@rollup/rollup-darwin-arm64@npm:4.62.3":
  version: 4.62.3
  resolution: "@rollup/rollup-darwin-arm64@npm:4.62.3"
  conditions: os=darwin & cpu=arm64
  languageName: node
  linkType: hard

"@rollup/rollup-darwin-x64@npm:4.62.3":
  version: 4.62.3
  resolution: "@rollup/rollup-darwin-x64@npm:4.62.3"
  conditions: os=darwin & cpu=x64
  languageName: node
  linkType: hard

"@rollup/rollup-freebsd-arm64@npm:4.62.3":
  version: 4.62.3
  resolution: "@rollup/rollup-freebsd-arm64@npm:4.62.3"
  conditions: os=freebsd & cpu=arm64
  languageName: node
  linkType: hard

"@rollup/rollup-freebsd-x64@npm:4.62.3":
  version: 4.62.3
  resolution: "@rollup/rollup-freebsd-x64@npm:4.62.3"
  conditions: os=freebsd & cpu=x64
  languageName: node
  linkType: hard

"@rollup/rollup-linux-arm-gnueabihf@npm:4.62.3":
  version: 4.62.3
  resolution: "@rollup/rollup-linux-arm-gnueabihf@npm:4.62.3"
  conditions: os=linux & cpu=arm & libc=glibc
  languageName: node
  linkType: hard

"@rollup/rollup-linux-arm-musleabihf@npm:4.62.3":
  version: 4.62.3
  resolution: "@rollup/rollup-linux-arm-musleabihf@npm:4.62.3"
  conditions: os=linux & cpu=arm & libc=musl
  languageName: node
  linkType: hard

"@rollup/rollup-linux-arm64-gnu@npm:4.62.3":
  version: 4.62.3
  resolution: "@rollup/rollup-linux-arm64-gnu@npm:4.62.3"
  conditions: os=linux & cpu=arm64 & libc=glibc
  languageName: node
  linkType: hard

"@rollup/rollup-linux-arm64-musl@npm:4.62.3":
  version: 4.62.3
  resolution: "@rollup/rollup-linux-arm64-musl@npm:4.62.3"
  conditions: os=linux & cpu=arm64 & libc=musl
  languageName: node
  linkType: hard

"@rollup/rollup-linux-loong64-gnu@npm:4.62.3":
  version: 4.62.3
  resolution: "@rollup/rollup-linux-loong64-gnu@npm:4.62.3"
  conditions: os=linux & cpu=loong64 & libc=glibc
  languageName: node
  linkType: hard

"@rollup/rollup-linux-loong64-musl@npm:4.62.3":
  version: 4.62.3
  resolution: "@rollup/rollup-linux-loong64-musl@npm:4.62.3"
  conditions: os=linux & cpu=loong64 & libc=musl
  languageName: node
  linkType: hard

"@rollup/rollup-linux-ppc64-gnu@npm:4.62.3":
  version: 4.62.3
  resolution: "@rollup/rollup-linux-ppc64-gnu@npm:4.62.3"
  conditions: os=linux & cpu=ppc64 & libc=glibc
  languageName: node
  linkType: hard

"@rollup/rollup-linux-ppc64-musl@npm:4.62.3":
  version: 4.62.3
  resolution: "@rollup/rollup-linux-ppc64-musl@npm:4.62.3"
  conditions: os=linux & cpu=ppc64 & libc=musl
  languageName: node
  linkType: hard

"@rollup/rollup-linux-riscv64-gnu@npm:4.62.3":
  version: 4.62.3
  resolution: "@rollup/rollup-linux-riscv64-gnu@npm:4.62.3"
  conditions: os=linux & cpu=riscv64 & libc=glibc
  languageName: node
  linkType: hard

"@rollup/rollup-linux-riscv64-musl@npm:4.62.3":
  version: 4.62.3
  resolution: "@rollup/rollup-linux-riscv64-musl@npm:4.62.3"
  conditions: os=linux & cpu=riscv64 & libc=musl
  languageName: node
  linkType: hard

"@rollup/rollup-linux-s390x-gnu@npm:4.62.3":
  version: 4.62.3
  resolution: "@rollup/rollup-linux-s390x-gnu@npm:4.62.3"
  conditions: os=linux & cpu=s390x & libc=glibc
  languageName: node
  linkType: hard

"@rollup/rollup-linux-x64-gnu@npm:4.62.3":
  version: 4.62.3
  resolution: "@rollup/rollup-linux-x64-gnu@npm:4.62.3"
  conditions: os=linux & cpu=x64 & libc=glibc
  languageName: node
  linkType: hard

"@rollup/rollup-linux-x64-musl@npm:4.62.3":
  version: 4.62.3
  resolution: "@rollup/rollup-linux-x64-musl@npm:4.62.3"
  conditions: os=linux & cpu=x64 & libc=musl
  languageName: node
  linkType: hard

"@rollup/rollup-openbsd-x64@npm:4.62.3":
  version: 4.62.3
  resolution: "@rollup/rollup-openbsd-x64@npm:4.62.3"
  conditions: os=openbsd & cpu=x64
  languageName: node
  linkType: hard

"@rollup/rollup-openharmony-arm64@npm:4.62.3":
  version: 4.62.3
  resolution: "@rollup/rollup-openharmony-arm64@npm:4.62.3"
  conditions: os=openharmony & cpu=arm64
  languageName: node
  linkType: hard

"@rollup/rollup-win32-arm64-msvc@npm:4.62.3":
  version: 4.62.3
  resolution: "@rollup/rollup-win32-arm64-msvc@npm:4.62.3"
  conditions: os=win32 & cpu=arm64
  languageName: node
  linkType: hard

"@rollup/rollup-win32-ia32-msvc@npm:4.62.3":
  version: 4.62.3
  resolution: "@rollup/rollup-win32-ia32-msvc@npm:4.62.3"
  conditions: os=win32 & cpu=ia32
  languageName: node
  linkType: hard

"@rollup/rollup-win32-x64-gnu@npm:4.62.3":
  version: 4.62.3
  resolution: "@rollup/rollup-win32-x64-gnu@npm:4.62.3"
  conditions: os=win32 & cpu=x64
  languageName: node
  linkType: hard

"@rollup/rollup-win32-x64-msvc@npm:4.62.3":
  version: 4.62.3
  resolution: "@rollup/rollup-win32-x64-msvc@npm:4.62.3"
  conditions: os=win32 & cpu=x64
  languageName: node
  linkType: hard

"@strudel/core@npm:1.2.6, @strudel/core@npm:^1.2.6":
  version: 1.2.6
  resolution: "@strudel/core@npm:1.2.6"
  dependencies:
    "@kabelsalat/web": "npm:^0.4.1"
    fraction.js: "npm:^5.2.1"
  checksum: 10c0/6a7440cccafae4d256987e2d78aa94478ba5f9afaa03cdc67fbb81708228f728a3d282ecd741e8d0e9281030012e5f45d624c13f3bae3beeca0c6bb82325fc98
  languageName: node
  linkType: hard

"@strudel/draw@npm:1.2.6":
  version: 1.2.6
  resolution: "@strudel/draw@npm:1.2.6"
  dependencies:
    "@strudel/core": "npm:1.2.6"
  checksum: 10c0/d9c2745d64e55f2bec0a2d274e6fd2ee2b0893a5f5a83a9b36c1f563215f07aaa984da37c5773230f7b6c056931b8f4d5a0e0b3ee88c09d856564f469ad04f78
  languageName: node
  linkType: hard

"@strudel/webaudio@npm:^1.3.0":
  version: 1.3.0
  resolution: "@strudel/webaudio@npm:1.3.0"
  dependencies:
    "@strudel/core": "npm:1.2.6"
    "@strudel/draw": "npm:1.2.6"
    superdough: "npm:1.3.0"
    supradough: "npm:1.2.4"
  checksum: 10c0/d20eb009687c746985000148ebf7032a3fecf0af24811822045d5b5a7b95a0b14ca97c97b55837a169870bb6c8cb59423006c4ea1579256085e1bbd7542dda02
  languageName: node
  linkType: hard

"@tweenjs/tween.js@npm:~23.1.3":
  version: 23.1.3
  resolution: "@tweenjs/tween.js@npm:23.1.3"
  checksum: 10c0/811b30f5f0e7409fb41833401c501c2d6f600eb5f43039dd9067a7f70aff6dad5f5ce1233848e13f0b33a269a160d9c133f344d986cbff4f1f6b72ddecd06c89
  languageName: node
  linkType: hard

"@types/estree@npm:1.0.9":
  version: 1.0.9
  resolution: "@types/estree@npm:1.0.9"
  checksum: 10c0/3ad3286ca2988cd550dafb8f2ad599c8474868e954fa601a36655bdfefd8039f7c714b8c1c7f2ae219ffbd58bd4660e66fa7479a0120fc02d4777057d4865387
  languageName: node
  linkType: hard

"@types/stats.js@npm:*":
  version: 0.17.4
  resolution: "@types/stats.js@npm:0.17.4"
  checksum: 10c0/4fe0429998519f0476f03a25b4900b4d4a1474606478657271e40a884f7936ba902ea564b1c95cfd33a8e84af46cef6e1e98bb23e86fd3b6676cd5b974987151
  languageName: node
  linkType: hard

"@types/three@npm:0.180.0":
  version: 0.180.0
  resolution: "@types/three@npm:0.180.0"
  dependencies:
    "@dimforge/rapier3d-compat": "npm:~0.12.0"
    "@tweenjs/tween.js": "npm:~23.1.3"
    "@types/stats.js": "npm:*"
    "@types/webxr": "npm:*"
    "@webgpu/types": "npm:*"
    fflate: "npm:~0.8.2"
    meshoptimizer: "npm:~0.22.0"
  checksum: 10c0/effa194bbfa0593433e41f573c27a663796b385c44f5f6124128abf6b1490bb14462435bc9c3a418464def4d2a05820722850569ffe2016d5dff583025598a23
  languageName: node
  linkType: hard

"@types/webxr@npm:*":
  version: 0.5.24
  resolution: "@types/webxr@npm:0.5.24"
  checksum: 10c0/ff59ffd390d06ca3f89ab2531d583ac10bc5e2ab82e5a01ecc40fbc365224a3375e7caa5b14649cf6141db21fb024940da7ad2bd8faa3cd497a6665257cb53b5
  languageName: node
  linkType: hard

"@webgpu/types@npm:*":
  version: 0.1.71
  resolution: "@webgpu/types@npm:0.1.71"
  checksum: 10c0/79e83a6e3afc71e6034f85e4af848d6083c41d3275d192aadeea019b3555eb1b8757d99aaf6b4ec705a5392f3c82d1b117a7a6296bbae2c1d9b977f6861762cb
  languageName: node
  linkType: hard

"abbrev@npm:^5.0.0":
  version: 5.0.0
  resolution: "abbrev@npm:5.0.0"
  checksum: 10c0/8e88f5c798ea4562d28c5a3e9ad69e3879890bc5d695d8f2dffb8609be4c890aacc8f80ef4553fdd2c6a62d70c2ce8bc57b38074e383beb7487bdafa9ed42ea5
  languageName: node
  linkType: hard

"capriccio2@workspace:.":
  version: 0.0.0-use.local
  resolution: "capriccio2@workspace:."
  dependencies:
    "@strudel/core": "npm:^1.2.6"
    "@strudel/webaudio": "npm:^1.3.0"
    "@types/three": "npm:0.180.0"
    prettier: "npm:^3.9.6"
    three: "npm:0.180.0"
    typescript: "npm:^5.6.0"
    vite: "npm:^5.4.0"
  languageName: unknown
  linkType: soft

"chownr@npm:^3.0.0":
  version: 3.0.0
  resolution: "chownr@npm:3.0.0"
  checksum: 10c0/43925b87700f7e3893296c8e9c56cc58f926411cce3a6e5898136daaf08f08b9a8eb76d37d3267e707d0dcc17aed2e2ebdf5848c0c3ce95cf910a919935c1b10
  languageName: node
  linkType: hard

"env-paths@npm:^2.2.0":
  version: 2.2.1
  resolution: "env-paths@npm:2.2.1"
  checksum: 10c0/285325677bf00e30845e330eec32894f5105529db97496ee3f598478e50f008c5352a41a30e5e72ec9de8a542b5a570b85699cd63bd2bc646dbcb9f311d83bc4
  languageName: node
  linkType: hard

"esbuild@npm:^0.21.3":
  version: 0.21.5
  resolution: "esbuild@npm:0.21.5"
  dependencies:
    "@esbuild/aix-ppc64": "npm:0.21.5"
    "@esbuild/android-arm": "npm:0.21.5"
    "@esbuild/android-arm64": "npm:0.21.5"
    "@esbuild/android-x64": "npm:0.21.5"
    "@esbuild/darwin-arm64": "npm:0.21.5"
    "@esbuild/darwin-x64": "npm:0.21.5"
    "@esbuild/freebsd-arm64": "npm:0.21.5"
    "@esbuild/freebsd-x64": "npm:0.21.5"
    "@esbuild/linux-arm": "npm:0.21.5"
    "@esbuild/linux-arm64": "npm:0.21.5"
    "@esbuild/linux-ia32": "npm:0.21.5"
    "@esbuild/linux-loong64": "npm:0.21.5"
    "@esbuild/linux-mips64el": "npm:0.21.5"
    "@esbuild/linux-ppc64": "npm:0.21.5"
    "@esbuild/linux-riscv64": "npm:0.21.5"
    "@esbuild/linux-s390x": "npm:0.21.5"
    "@esbuild/linux-x64": "npm:0.21.5"
    "@esbuild/netbsd-x64": "npm:0.21.5"
    "@esbuild/openbsd-x64": "npm:0.21.5"
    "@esbuild/sunos-x64": "npm:0.21.5"
    "@esbuild/win32-arm64": "npm:0.21.5"
    "@esbuild/win32-ia32": "npm:0.21.5"
    "@esbuild/win32-x64": "npm:0.21.5"
  dependenciesMeta:
    "@esbuild/aix-ppc64":
      optional: true
    "@esbuild/android-arm":
      optional: true
    "@esbuild/android-arm64":
      optional: true
    "@esbuild/android-x64":
      optional: true
    "@esbuild/darwin-arm64":
      optional: true
    "@esbuild/darwin-x64":
      optional: true
    "@esbuild/freebsd-arm64":
      optional: true
    "@esbuild/freebsd-x64":
      optional: true
    "@esbuild/linux-arm":
      optional: true
    "@esbuild/linux-arm64":
      optional: true
    "@esbuild/linux-ia32":
      optional: true
    "@esbuild/linux-loong64":
      optional: true
    "@esbuild/linux-mips64el":
      optional: true
    "@esbuild/linux-ppc64":
      optional: true
    "@esbuild/linux-riscv64":
      optional: true
    "@esbuild/linux-s390x":
      optional: true
    "@esbuild/linux-x64":
      optional: true
    "@esbuild/netbsd-x64":
      optional: true
    "@esbuild/openbsd-x64":
      optional: true
    "@esbuild/sunos-x64":
      optional: true
    "@esbuild/win32-arm64":
      optional: true
    "@esbuild/win32-ia32":
      optional: true
    "@esbuild/win32-x64":
      optional: true
  bin:
    esbuild: bin/esbuild
  checksum: 10c0/fa08508adf683c3f399e8a014a6382a6b65542213431e26206c0720e536b31c09b50798747c2a105a4bbba1d9767b8d3615a74c2f7bf1ddf6d836cd11eb672de
  languageName: node
  linkType: hard

"exponential-backoff@npm:^3.1.1":
  version: 3.1.3
  resolution: "exponential-backoff@npm:3.1.3"
  checksum: 10c0/77e3ae682b7b1f4972f563c6dbcd2b0d54ac679e62d5d32f3e5085feba20483cf28bd505543f520e287a56d4d55a28d7874299941faf637e779a1aa5994d1267
  languageName: node
  linkType: hard

"fdir@npm:^6.5.0":
  version: 6.5.0
  resolution: "fdir@npm:6.5.0"
  peerDependencies:
    picomatch: ^3 || ^4
  peerDependenciesMeta:
    picomatch:
      optional: true
  checksum: 10c0/e345083c4306b3aed6cb8ec551e26c36bab5c511e99ea4576a16750ddc8d3240e63826cc624f5ae17ad4dc82e68a253213b60d556c11bfad064b7607847ed07f
  languageName: node
  linkType: hard

"fflate@npm:~0.8.2":
  version: 0.8.3
  resolution: "fflate@npm:0.8.3"
  checksum: 10c0/eab181ca37f5348ae76d4b6f840e0026e30220e33153289ac942222d8b9638237d486507dbcc09878d724095bd354993a2ee48bbee99c8f2c6440d4448719aa7
  languageName: node
  linkType: hard

"fraction.js@npm:^5.2.1":
  version: 5.3.4
  resolution: "fraction.js@npm:5.3.4"
  checksum: 10c0/f90079fe9bfc665e0a07079938e8ff71115bce9462f17b32fc283f163b0540ec34dc33df8ed41bb56f028316b04361b9a9995b9ee9258617f8338e0b05c5f95a
  languageName: node
  linkType: hard

"fsevents@npm:~2.3.2, fsevents@npm:~2.3.3":
  version: 2.3.3
  resolution: "fsevents@npm:2.3.3"
  dependencies:
    node-gyp: "npm:latest"
  checksum: 10c0/a1f0c44595123ed717febbc478aa952e47adfc28e2092be66b8ab1635147254ca6cfe1df792a8997f22716d4cbafc73309899ff7bfac2ac3ad8cf2e4ecc3ec60
  conditions: os=darwin
  languageName: node
  linkType: hard

"fsevents@patch:fsevents@npm%3A~2.3.2#optional!builtin<compat/fsevents>, fsevents@patch:fsevents@npm%3A~2.3.3#optional!builtin<compat/fsevents>":
  version: 2.3.3
  resolution: "fsevents@patch:fsevents@npm%3A2.3.3#optional!builtin<compat/fsevents>::version=2.3.3&hash=df0bf1"
  dependencies:
    node-gyp: "npm:latest"
  conditions: os=darwin
  languageName: node
  linkType: hard

"graceful-fs@npm:^4.2.6":
  version: 4.2.11
  resolution: "graceful-fs@npm:4.2.11"
  checksum: 10c0/386d011a553e02bc594ac2ca0bd6d9e4c22d7fa8cfbfc448a6d148c59ea881b092db9dbe3547ae4b88e55f1b01f7c4a2ecc53b310c042793e63aa44cf6c257f2
  languageName: node
  linkType: hard

"isexe@npm:^4.0.0":
  version: 4.0.0
  resolution: "isexe@npm:4.0.0"
  checksum: 10c0/5884815115bceac452877659a9c7726382531592f43dc29e5d48b7c4100661aed54018cb90bd36cb2eaeba521092570769167acbb95c18d39afdccbcca06c5ce
  languageName: node
  linkType: hard

"meshoptimizer@npm:~0.22.0":
  version: 0.22.0
  resolution: "meshoptimizer@npm:0.22.0"
  checksum: 10c0/df5c10c897a9eea3085cd2ae077dd4b904df3d71855eb3cbaa624d05e62eb4e893b3e2492cae070122561addb90fbfe092c53b7e68fdd391d0009f267af3f348
  languageName: node
  linkType: hard

"minipass@npm:^7.0.4, minipass@npm:^7.1.2":
  version: 7.1.3
  resolution: "minipass@npm:7.1.3"
  checksum: 10c0/539da88daca16533211ea5a9ee98dc62ff5742f531f54640dd34429e621955e91cc280a91a776026264b7f9f6735947629f920944e9c1558369e8bf22eb33fbb
  languageName: node
  linkType: hard

"minizlib@npm:^3.1.0":
  version: 3.1.0
  resolution: "minizlib@npm:3.1.0"
  dependencies:
    minipass: "npm:^7.1.2"
  checksum: 10c0/5aad75ab0090b8266069c9aabe582c021ae53eb33c6c691054a13a45db3b4f91a7fb1bd79151e6b4e9e9a86727b522527c0a06ec7d45206b745d54cd3097bcec
  languageName: node
  linkType: hard

"nanoid@npm:^3.3.16":
  version: 3.3.16
  resolution: "nanoid@npm:3.3.16"
  bin:
    nanoid: bin/nanoid.cjs
  checksum: 10c0/bbf2dcffe22d2b62d16de2711752070b539c0f644c7916f823ad6521986b2078cbe524f2d6240f58c46e9141ea0c7b87a029e100c0f7f175228cacaf30e41bba
  languageName: node
  linkType: hard

"nanostores@npm:^0.11.3":
  version: 0.11.4
  resolution: "nanostores@npm:0.11.4"
  checksum: 10c0/45ce577ccd96938b756c238e5783b0de3369381905f164e7bd003794d34a3c1eb7bddb049699a48a35bb03d9745bcb3cd6ad549b5e81493b2de22ae2bdccf14c
  languageName: node
  linkType: hard

"node-gyp@npm:latest":
  version: 13.0.1
  resolution: "node-gyp@npm:13.0.1"
  dependencies:
    env-paths: "npm:^2.2.0"
    exponential-backoff: "npm:^3.1.1"
    graceful-fs: "npm:^4.2.6"
    nopt: "npm:^10.0.0"
    proc-log: "npm:^7.0.0"
    semver: "npm:^7.3.5"
    tar: "npm:^7.5.4"
    tinyglobby: "npm:^0.2.12"
    undici: "npm:^8.4.1"
    which: "npm:^7.0.0"
  bin:
    node-gyp: bin/node-gyp.js
  checksum: 10c0/424077bc9e9bbe953a8e86db473ba818cbc6a121714008c977fd589e21e5f0c811fbf22faac730dc7182450b5e52df301811d01ae3373898658d999b7710f4e6
  languageName: node
  linkType: hard

"nopt@npm:^10.0.0":
  version: 10.0.1
  resolution: "nopt@npm:10.0.1"
  dependencies:
    abbrev: "npm:^5.0.0"
  bin:
    nopt: bin/nopt.js
  checksum: 10c0/980d89257f9587f3e1f77877ddbf905d6aa3b738ec33e49a4fa1a059a0dd82eb28063982b150654a7ae9de386f2ead60e56172db7d37cf56de545f7392a2a26a
  languageName: node
  linkType: hard

"picocolors@npm:^1.1.1":
  version: 1.1.1
  resolution: "picocolors@npm:1.1.1"
  checksum: 10c0/e2e3e8170ab9d7c7421969adaa7e1b31434f789afb9b3f115f6b96d91945041ac3ceb02e9ec6fe6510ff036bcc0bf91e69a1772edc0b707e12b19c0f2d6bcf58
  languageName: node
  linkType: hard

"picomatch@npm:^4.0.4":
  version: 4.0.5
  resolution: "picomatch@npm:4.0.5"
  checksum: 10c0/947bc6b6e1ff1e6c5aaf95b107a0839d12802f4f7b867663f67d47accba939ca1cb582cf99dfc30438efa1c4648ac5990967e783e8929c36b03e8440704ef1bd
  languageName: node
  linkType: hard

"postcss@npm:^8.4.43":
  version: 8.5.23
  resolution: "postcss@npm:8.5.23"
  dependencies:
    nanoid: "npm:^3.3.16"
    picocolors: "npm:^1.1.1"
    source-map-js: "npm:^1.2.1"
  checksum: 10c0/ed714e635b330bb42666ecdd0c0b4f30224ded15b0b0052d6bc2b92832f2cf17d1c1141359453f96f0a84f8fbf4c405a74df187f559163b8f31131b2535455aa
  languageName: node
  linkType: hard

"prettier@npm:^3.9.6":
  version: 3.9.6
  resolution: "prettier@npm:3.9.6"
  bin:
    prettier: bin/prettier.cjs
  checksum: 10c0/9f7ddae234035868f3daab3dc34e6de7e54622185afb017378029f0c09a9c023248ccf6f34def0b17a0538e18c47aa1b3188bab72965d1bf735919baa0747e99
  languageName: node
  linkType: hard

"proc-log@npm:^7.0.0":
  version: 7.0.0
  resolution: "proc-log@npm:7.0.0"
  checksum: 10c0/b89c2d862604f35fec795477b0c7e376feab3ba0d4f4d291c4e959567442697cf451ac557d0623c1cc38af45a78128b983410f397a10c5d3a67f76c33de4754b
  languageName: node
  linkType: hard

"rollup@npm:^4.20.0":
  version: 4.62.3
  resolution: "rollup@npm:4.62.3"
  dependencies:
    "@rollup/rollup-android-arm-eabi": "npm:4.62.3"
    "@rollup/rollup-android-arm64": "npm:4.62.3"
    "@rollup/rollup-darwin-arm64": "npm:4.62.3"
    "@rollup/rollup-darwin-x64": "npm:4.62.3"
    "@rollup/rollup-freebsd-arm64": "npm:4.62.3"
    "@rollup/rollup-freebsd-x64": "npm:4.62.3"
    "@rollup/rollup-linux-arm-gnueabihf": "npm:4.62.3"
    "@rollup/rollup-linux-arm-musleabihf": "npm:4.62.3"
    "@rollup/rollup-linux-arm64-gnu": "npm:4.62.3"
    "@rollup/rollup-linux-arm64-musl": "npm:4.62.3"
    "@rollup/rollup-linux-loong64-gnu": "npm:4.62.3"
    "@rollup/rollup-linux-loong64-musl": "npm:4.62.3"
    "@rollup/rollup-linux-ppc64-gnu": "npm:4.62.3"
    "@rollup/rollup-linux-ppc64-musl": "npm:4.62.3"
    "@rollup/rollup-linux-riscv64-gnu": "npm:4.62.3"
    "@rollup/rollup-linux-riscv64-musl": "npm:4.62.3"
    "@rollup/rollup-linux-s390x-gnu": "npm:4.62.3"
    "@rollup/rollup-linux-x64-gnu": "npm:4.62.3"
    "@rollup/rollup-linux-x64-musl": "npm:4.62.3"
    "@rollup/rollup-openbsd-x64": "npm:4.62.3"
    "@rollup/rollup-openharmony-arm64": "npm:4.62.3"
    "@rollup/rollup-win32-arm64-msvc": "npm:4.62.3"
    "@rollup/rollup-win32-ia32-msvc": "npm:4.62.3"
    "@rollup/rollup-win32-x64-gnu": "npm:4.62.3"
    "@rollup/rollup-win32-x64-msvc": "npm:4.62.3"
    "@types/estree": "npm:1.0.9"
    fsevents: "npm:~2.3.2"
  dependenciesMeta:
    "@rollup/rollup-android-arm-eabi":
      optional: true
    "@rollup/rollup-android-arm64":
      optional: true
    "@rollup/rollup-darwin-arm64":
      optional: true
    "@rollup/rollup-darwin-x64":
      optional: true
    "@rollup/rollup-freebsd-arm64":
      optional: true
    "@rollup/rollup-freebsd-x64":
      optional: true
    "@rollup/rollup-linux-arm-gnueabihf":
      optional: true
    "@rollup/rollup-linux-arm-musleabihf":
      optional: true
    "@rollup/rollup-linux-arm64-gnu":
      optional: true
    "@rollup/rollup-linux-arm64-musl":
      optional: true
    "@rollup/rollup-linux-loong64-gnu":
      optional: true
    "@rollup/rollup-linux-loong64-musl":
      optional: true
    "@rollup/rollup-linux-ppc64-gnu":
      optional: true
    "@rollup/rollup-linux-ppc64-musl":
      optional: true
    "@rollup/rollup-linux-riscv64-gnu":
      optional: true
    "@rollup/rollup-linux-riscv64-musl":
      optional: true
    "@rollup/rollup-linux-s390x-gnu":
      optional: true
    "@rollup/rollup-linux-x64-gnu":
      optional: true
    "@rollup/rollup-linux-x64-musl":
      optional: true
    "@rollup/rollup-openbsd-x64":
      optional: true
    "@rollup/rollup-openharmony-arm64":
      optional: true
    "@rollup/rollup-win32-arm64-msvc":
      optional: true
    "@rollup/rollup-win32-ia32-msvc":
      optional: true
    "@rollup/rollup-win32-x64-gnu":
      optional: true
    "@rollup/rollup-win32-x64-msvc":
      optional: true
    fsevents:
      optional: true
  bin:
    rollup: dist/bin/rollup
  checksum: 10c0/efa9c2fdbfeaaf2fa36ba6c49e658b6b595ff6cc04149c29e628f69d50f8ce420f9b1d1ae32fabff07ffb1d495d6b191b6c9ed7422ad53b72ef5fa629726a160
  languageName: node
  linkType: hard

"semver@npm:^7.3.5":
  version: 7.8.5
  resolution: "semver@npm:7.8.5"
  bin:
    semver: bin/semver.js
  checksum: 10c0/b1f3127a5be8125a94f37188b361c212466c292c6910adce3ec106cff5dc211ccaedc4739c11bb70fda59d6fc1f040a9bca289f4e093451521a2372e5231fe0c
  languageName: node
  linkType: hard

"source-map-js@npm:^1.2.1":
  version: 1.2.1
  resolution: "source-map-js@npm:1.2.1"
  checksum: 10c0/7bda1fc4c197e3c6ff17de1b8b2c20e60af81b63a52cb32ec5a5d67a20a7d42651e2cb34ebe93833c5a2a084377e17455854fee3e21e7925c64a51b6a52b0faf
  languageName: node
  linkType: hard

"superdough@npm:1.3.0":
  version: 1.3.0
  resolution: "superdough@npm:1.3.0"
  dependencies:
    "@kabelsalat/lib": "npm:^0.4.1"
    nanostores: "npm:^0.11.3"
  checksum: 10c0/db598704c8bae22c002fd6f63423cb047affd7c78c9b0ae076a69ff4bd4174a5e33c8954219cb997f90c495b991f15e186f90561439612538704caf1238d6a64
  languageName: node
  linkType: hard

"supradough@npm:1.2.4":
  version: 1.2.4
  resolution: "supradough@npm:1.2.4"
  checksum: 10c0/4adb94630c411281941997c72ef46432ea4e5993c5ea75b0656ca822841da749023619a95d9fa3d013eabb404658ed8fdcd0ac8adc56a561a14c7a9afbc1ae45
  languageName: node
  linkType: hard

"tar@npm:^7.5.4":
  version: 7.5.22
  resolution: "tar@npm:7.5.22"
  dependencies:
    "@isaacs/fs-minipass": "npm:^4.0.0"
    chownr: "npm:^3.0.0"
    minipass: "npm:^7.1.2"
    minizlib: "npm:^3.1.0"
    yallist: "npm:^5.0.0"
  checksum: 10c0/1311f6be85a8157ac4c9147bae43e13923d2a1aae15e4aa1bd5239e4e03d2cf53cfe103dde7f35832fbb4c938b042856bc8e9a0afd29abd05e2d1608788c4fea
  languageName: node
  linkType: hard

"three@npm:0.180.0":
  version: 0.180.0
  resolution: "three@npm:0.180.0"
  checksum: 10c0/2b5954b3e0946676cd606f126b1fbbe337ab6e72ae5a25b3eadbf1b8c502c17f21d851b9f5fe035edd48736306e339f143b5ee9cd4e91a2e614681abacef08de
  languageName: node
  linkType: hard

"tinyglobby@npm:^0.2.12":
  version: 0.2.17
  resolution: "tinyglobby@npm:0.2.17"
  dependencies:
    fdir: "npm:^6.5.0"
    picomatch: "npm:^4.0.4"
  checksum: 10c0/7f7bb0f197c88bc4b20c231e0deca4240ca3bf313a88f5a7fee93a872b84966a4d50220947c0455ad07a60b3b360961c5b7fd979222aeb716a9f99b412002e4c
  languageName: node
  linkType: hard

"typescript@npm:^5.6.0":
  version: 5.9.3
  resolution: "typescript@npm:5.9.3"
  bin:
    tsc: bin/tsc
    tsserver: bin/tsserver
  checksum: 10c0/6bd7552ce39f97e711db5aa048f6f9995b53f1c52f7d8667c1abdc1700c68a76a308f579cd309ce6b53646deb4e9a1be7c813a93baaf0a28ccd536a30270e1c5
  languageName: node
  linkType: hard

"typescript@patch:typescript@npm%3A^5.6.0#optional!builtin<compat/typescript>":
  version: 5.9.3
  resolution: "typescript@patch:typescript@npm%3A5.9.3#optional!builtin<compat/typescript>::version=5.9.3&hash=5786d5"
  bin:
    tsc: bin/tsc
    tsserver: bin/tsserver
  checksum: 10c0/ad09fdf7a756814dce65bc60c1657b40d44451346858eea230e10f2e95a289d9183b6e32e5c11e95acc0ccc214b4f36289dcad4bf1886b0adb84d711d336a430
  languageName: node
  linkType: hard

"undici@npm:^8.4.1":
  version: 8.9.0
  resolution: "undici@npm:8.9.0"
  checksum: 10c0/e3d9fa35a9aa8360d9f56e66bd372f451ee053e25066a97fd9fab3816267035660f67870c6d709a58a5411551657af78c4475be5b31c113b04f70251309900d0
  languageName: node
  linkType: hard

"vite@npm:^5.4.0":
  version: 5.4.21
  resolution: "vite@npm:5.4.21"
  dependencies:
    esbuild: "npm:^0.21.3"
    fsevents: "npm:~2.3.3"
    postcss: "npm:^8.4.43"
    rollup: "npm:^4.20.0"
  peerDependencies:
    "@types/node": ^18.0.0 || >=20.0.0
    less: "*"
    lightningcss: ^1.21.0
    sass: "*"
    sass-embedded: "*"
    stylus: "*"
    sugarss: "*"
    terser: ^5.4.0
  dependenciesMeta:
    fsevents:
      optional: true
  peerDependenciesMeta:
    "@types/node":
      optional: true
    less:
      optional: true
    lightningcss:
      optional: true
    sass:
      optional: true
    sass-embedded:
      optional: true
    stylus:
      optional: true
    sugarss:
      optional: true
    terser:
      optional: true
  bin:
    vite: bin/vite.js
  checksum: 10c0/468336a1409f728b464160cbf02672e72271fb688d0e605e776b74a89d27e1029509eef3a3a6c755928d8011e474dbf234824d054d07960be5f23cd176bc72de
  languageName: node
  linkType: hard

"which@npm:^7.0.0":
  version: 7.0.0
  resolution: "which@npm:7.0.0"
  dependencies:
    isexe: "npm:^4.0.0"
  bin:
    node-which: bin/which.js
  checksum: 10c0/ca0b54f198f78bbc4b7c02e34bda8d335cb352e0adb4cbca1c37b1a957af3a879a82c4c27ca6525bc942f548d8b64f816ef6528360af9f3de55ffb9b979b620d
  languageName: node
  linkType: hard

"yallist@npm:^5.0.0":
  version: 5.0.0
  resolution: "yallist@npm:5.0.0"
  checksum: 10c0/a499c81ce6d4a1d260d4ea0f6d49ab4da09681e32c3f0472dee16667ed69d01dae63a3b81745a24bd78476ec4fcf856114cb4896ace738e01da34b2c42235416
  languageName: node
  linkType: hard
